
Microsoft Visual Studio Solution File, Format Version 12.00
# Visual Studio Version 17
VisualStudioVersion = 17.0.31903.59
MinimumVisualStudioVersion = 10.0.40219.1
Project("{2150E333-8FDC-42A3-9474-1A3956D46DE8}") = "src", "src", "{4386C936-0878-4A03-A5C6-430AF9FBA179}"
EndProject
Project("{FAE04EC0-301F-11D3-BF4B-00C04F79EFBC}") = "BlogSystem.API", "src\BlogSystem.API\BlogSystem.API.csproj", "{AA6951D7-179B-478E-82D9-A34A91E47864}"
EndProject
Project("{FAE04EC0-301F-11D3-BF4B-00C04F79EFBC}") = "BlogSystem.Application", "src\BlogSystem.Application\BlogSystem.Application.csproj", "{8432AB93-B638-43FF-A3B8-AD62F54EA141}"
EndProject
Project("{FAE04EC0-301F-11D3-BF4B-00C04F79EFBC}") = "BlogSystem.Infrastructure", "src\BlogSystem.Infrastructure\BlogSystem.Infrastructure.csproj", "{7CA55C26-58D0-4240-8EA9-AEDA074C43BE}"
EndProject
Project("{FAE04EC0-301F-11D3-BF4B-00C04F79EFBC}") = "BlogSystem.Domain", "src\BlogSystem.Domain\BlogSystem.Domain.csproj", "{668BD1B9-191E-4F4E-AFEF-DC14A3857D0D}"
EndProject
Global
	GlobalSection(SolutionConfigurationPlatforms) = preSolution
		Debug|Any CPU = Debug|Any CPU
		Release|Any CPU = Release|Any CPU
	EndGlobalSection
	GlobalSection(SolutionProperties) = preSolution
		HideSolutionNode = FALSE
	EndGlobalSection
	GlobalSection(ProjectConfigurationPlatforms) = postSolution
		{AA6951D7-179B-478E-82D9-A34A91E47864}.Debug|Any CPU.ActiveCfg = Debug|Any CPU
		{AA6951D7-179B-478E-82D9-A34A91E47864}.Debug|Any CPU.Build.0 = Debug|Any CPU
		{AA6951D7-179B-478E-82D9-A34A91E47864}.Release|Any CPU.ActiveCfg = Release|Any CPU
		{AA6951D7-179B-478E-82D9-A34A91E47864}.Release|Any CPU.Build.0 = Release|Any CPU
		{8432AB93-B638-43FF-A3B8-AD62F54EA141}.Debug|Any CPU.ActiveCfg = Debug|Any CPU
		{8432AB93-B638-43FF-A3B8-AD62F54EA141}.Debug|Any CPU.Build.0 = Debug|Any CPU
		{8432AB93-B638-43FF-A3B8-AD62F54EA141}.Release|Any CPU.ActiveCfg = Release|Any CPU
		{8432AB93-B638-43FF-A3B8-AD62F54EA141}.Release|Any CPU.Build.0 = Release|Any CPU
		{7CA55C26-58D0-4240-8EA9-AEDA074C43BE}.Debug|Any CPU.ActiveCfg = Debug|Any CPU
		{7CA55C26-58D0-4240-8EA9-AEDA074C43BE}.Debug|Any CPU.Build.0 = Debug|Any CPU
		{7CA55C26-58D0-4240-8EA9-AEDA074C43BE}.Release|Any CPU.ActiveCfg = Release|Any CPU
		{7CA55C26-58D0-4240-8EA9-AEDA074C43BE}.Release|Any CPU.Build.0 = Release|Any CPU
		{668BD1B9-191E-4F4E-AFEF-DC14A3857D0D}.Debug|Any CPU.ActiveCfg = Debug|Any CPU
		{668BD1B9-191E-4F4E-AFEF-DC14A3857D0D}.Debug|Any CPU.Build.0 = Debug|Any CPU
		{668BD1B9-191E-4F4E-AFEF-DC14A3857D0D}.Release|Any CPU.ActiveCfg = Release|Any CPU
		{668BD1B9-191E-4F4E-AFEF-DC14A3857D0D}.Release|Any CPU.Build.0 = Release|Any CPU
	EndGlobalSection
	GlobalSection(NestedProjects) = preSolution
		{AA6951D7-179B-478E-82D9-A34A91E47864} = {4386C936-0878-4A03-A5C6-430AF9FBA179}
		{8432AB93-B638-43FF-A3B8-AD62F54EA141} = {4386C936-0878-4A03-A5C6-430AF9FBA179}
		{7CA55C26-58D0-4240-8EA9-AEDA074C43BE} = {4386C936-0878-4A03-A5C6-430AF9FBA179}
		{668BD1B9-191E-4F4E-AFEF-DC14A3857D0D} = {4386C936-0878-4A03-A5C6-430AF9FBA179}
	EndGlobalSection
EndGlobal
